
Microsoft Visual Studio Solution File, Format Version 12.00
# Visual Studio Version 16
VisualStudioVersion = 16.0.31129.286
MinimumVisualStudioVersion = 10.0.40219.1
Project("{FAE04EC0-301F-11D3-BF4B-00C04F79EFBC}") = "Alura", "Alura\Alura.csproj", "{EDC2677B-6438-4881-B3A1-F660150D4243}"
EndProject
Project("{FAE04EC0-301F-11D3-BF4B-00C04F79EFBC}") = "Parte02", "Parte02\Parte02.csproj", "{4D73D4BF-D3C0-446D-B5F5-759D4A61255A}"
EndProject
Global
	GlobalSection(SolutionConfigurationPlatforms) = preSolution
		Debug|Any CPU = Debug|Any CPU
		Release|Any CPU = Release|Any CPU
	EndGlobalSection
	GlobalSection(ProjectConfigurationPlatforms) = postSolution
		{EDC2677B-6438-4881-B3A1-F660150D4243}.Debug|Any CPU.ActiveCfg = Debug|Any CPU
		{EDC2677B-6438-4881-B3A1-F660150D4243}.Debug|Any CPU.Build.0 = Debug|Any CPU
		{EDC2677B-6438-4881-B3A1-F660150D4243}.Release|Any CPU.ActiveCfg = Release|Any CPU
		{EDC2677B-6438-4881-B3A1-F660150D4243}.Release|Any CPU.Build.0 = Release|Any CPU
		{4D73D4BF-D3C0-446D-B5F5-759D4A61255A}.Debug|Any CPU.ActiveCfg = Debug|Any CPU
		{4D73D4BF-D3C0-446D-B5F5-759D4A61255A}.Debug|Any CPU.Build.0 = Debug|Any CPU
		{4D73D4BF-D3C0-446D-B5F5-759D4A61255A}.Release|Any CPU.ActiveCfg = Release|Any CPU
		{4D73D4BF-D3C0-446D-B5F5-759D4A61255A}.Release|Any CPU.Build.0 = Release|Any CPU
	EndGlobalSection
	GlobalSection(SolutionProperties) = preSolution
		HideSolutionNode = FALSE
	EndGlobalSection
	GlobalSection(ExtensibilityGlobals) = postSolution
		SolutionGuid = {CC0415D9-614D-4F1F-AEB5-166C5E719EE3}
	EndGlobalSection
EndGlobal
